
Microsoft Visual Studio Solution File, Format Version 12.00
# Visual Studio Version 17
VisualStudioVersion = 17.2.32616.157
MinimumVisualStudioVersion = 10.0.40219.1
Project("{FAE04EC0-301F-11D3-BF4B-00C04F79EFBC}") = "GameWarWSB", "GameWarWSB\GameWarWSB.csproj", "{670ED306-8DE3-4130-97E5-124684A803A6}"
EndProject
Global
	GlobalSection(SolutionConfigurationPlatforms) = preSolution
		Debug|Any CPU = Debug|Any CPU
		Release|Any CPU = Release|Any CPU
	EndGlobalSection
	GlobalSection(ProjectConfigurationPlatforms) = postSolution
		{670ED306-8DE3-4130-97E5-124684A803A6}.Debug|Any CPU.ActiveCfg = Debug|Any CPU
		{670ED306-8DE3-4130-97E5-124684A803A6}.Debug|Any CPU.Build.0 = Debug|Any CPU
		{670ED306-8DE3-4130-97E5-124684A803A6}.Release|Any CPU.ActiveCfg = Release|Any CPU
		{670ED306-8DE3-4130-97E5-124684A803A6}.Release|Any CPU.Build.0 = Release|Any CPU
	EndGlobalSection
	GlobalSection(SolutionProperties) = preSolution
		HideSolutionNode = FALSE
	EndGlobalSection
	GlobalSection(ExtensibilityGlobals) = postSolution
		SolutionGuid = {9C77E922-8071-4092-908C-BD7B9FC4C93D}
	EndGlobalSection
EndGlobal
